
Microsoft Visual Studio Solution File, Format Version 12.00
# Visual Studio Version 17
VisualStudioVersion = 17.6.33815.320
MinimumVisualStudioVersion = 10.0.40219.1
Project("{FAE04EC0-301F-11D3-BF4B-00C04F79EFBC}") = "Task", "Task\Task.csproj", "{1FAC0036-29C8-4966-ABE0-012EC91316D0}"
EndProject
Global
	GlobalSection(SolutionConfigurationPlatforms) = preSolution
		Debug|Any CPU = Debug|Any CPU
		Release|Any CPU = Release|Any CPU
	EndGlobalSection
	GlobalSection(ProjectConfigurationPlatforms) = postSolution
		{1FAC0036-29C8-4966-ABE0-012EC91316D0}.Debug|Any CPU.ActiveCfg = Debug|Any CPU
		{1FAC0036-29C8-4966-ABE0-012EC91316D0}.Debug|Any CPU.Build.0 = Debug|Any CPU
		{1FAC0036-29C8-4966-ABE0-012EC91316D0}.Release|Any CPU.ActiveCfg = Release|Any CPU
		{1FAC0036-29C8-4966-ABE0-012EC91316D0}.Release|Any CPU.Build.0 = Release|Any CPU
	EndGlobalSection
	GlobalSection(SolutionProperties) = preSolution
		HideSolutionNode = FALSE
	EndGlobalSection
	GlobalSection(ExtensibilityGlobals) = postSolution
		SolutionGuid = {387B18F3-550F-4896-9186-E59E1A3E27E6}
	EndGlobalSection
EndGlobal
